
Microsoft Visual Studio Solution File, Format Version 12.00
Project("{2150E333-8FDC-42A3-9474-1A3956D46DE8}") = "src", "src", "{FF72A27F-2DA1-4163-AC0B-6C2FA6F60B98}"
EndProject
Project("{FAE04EC0-301F-11D3-BF4B-00C04F79EFBC}") = "Blogger.WebApi", "src\Blogger.WebApi\Blogger.WebApi.csproj", "{9B999541-CD3A-472D-8AAF-34BF8497E34C}"
EndProject
Project("{FAE04EC0-301F-11D3-BF4B-00C04F79EFBC}") = "Blogger.Core", "src\Blogger.Core\Blogger.Core.csproj", "{6CC6AB36-DB55-41AB-BA34-9D077BE9CFF7}"
EndProject
Project("{FAE04EC0-301F-11D3-BF4B-00C04F79EFBC}") = "Blogger.Infrastructure", "src\Blogger.Infrastructure\Blogger.Infrastructure.csproj", "{0D69AC76-930A-4800-BC6E-6CF29773AC6A}"
EndProject
Project("{2150E333-8FDC-42A3-9474-1A3956D46DE8}") = "tests", "tests", "{282E9E99-EAED-4A03-8005-2C9038EB5B4B}"
EndProject
Project("{FAE04EC0-301F-11D3-BF4B-00C04F79EFBC}") = "Blogger.Tests", "tests\Blogger.Tests\Blogger.Tests.csproj", "{89D404A3-0607-4F74-B5EE-EFFE8DE0C23D}"
EndProject
Global
	GlobalSection(SolutionConfigurationPlatforms) = preSolution
		Debug|Any CPU = Debug|Any CPU
		Release|Any CPU = Release|Any CPU
	EndGlobalSection
	GlobalSection(NestedProjects) = preSolution
		{9B999541-CD3A-472D-8AAF-34BF8497E34C} = {FF72A27F-2DA1-4163-AC0B-6C2FA6F60B98}
		{6CC6AB36-DB55-41AB-BA34-9D077BE9CFF7} = {FF72A27F-2DA1-4163-AC0B-6C2FA6F60B98}
		{0D69AC76-930A-4800-BC6E-6CF29773AC6A} = {FF72A27F-2DA1-4163-AC0B-6C2FA6F60B98}
		{89D404A3-0607-4F74-B5EE-EFFE8DE0C23D} = {282E9E99-EAED-4A03-8005-2C9038EB5B4B}
	EndGlobalSection
	GlobalSection(ProjectConfigurationPlatforms) = postSolution
		{9B999541-CD3A-472D-8AAF-34BF8497E34C}.Debug|Any CPU.ActiveCfg = Debug|Any CPU
		{9B999541-CD3A-472D-8AAF-34BF8497E34C}.Debug|Any CPU.Build.0 = Debug|Any CPU
		{9B999541-CD3A-472D-8AAF-34BF8497E34C}.Release|Any CPU.ActiveCfg = Release|Any CPU
		{9B999541-CD3A-472D-8AAF-34BF8497E34C}.Release|Any CPU.Build.0 = Release|Any CPU
		{6CC6AB36-DB55-41AB-BA34-9D077BE9CFF7}.Debug|Any CPU.ActiveCfg = Debug|Any CPU
		{6CC6AB36-DB55-41AB-BA34-9D077BE9CFF7}.Debug|Any CPU.Build.0 = Debug|Any CPU
		{6CC6AB36-DB55-41AB-BA34-9D077BE9CFF7}.Release|Any CPU.ActiveCfg = Release|Any CPU
		{6CC6AB36-DB55-41AB-BA34-9D077BE9CFF7}.Release|Any CPU.Build.0 = Release|Any CPU
		{0D69AC76-930A-4800-BC6E-6CF29773AC6A}.Debug|Any CPU.ActiveCfg = Debug|Any CPU
		{0D69AC76-930A-4800-BC6E-6CF29773AC6A}.Debug|Any CPU.Build.0 = Debug|Any CPU
		{0D69AC76-930A-4800-BC6E-6CF29773AC6A}.Release|Any CPU.ActiveCfg = Release|Any CPU
		{0D69AC76-930A-4800-BC6E-6CF29773AC6A}.Release|Any CPU.Build.0 = Release|Any CPU
		{89D404A3-0607-4F74-B5EE-EFFE8DE0C23D}.Debug|Any CPU.ActiveCfg = Debug|Any CPU
		{89D404A3-0607-4F74-B5EE-EFFE8DE0C23D}.Debug|Any CPU.Build.0 = Debug|Any CPU
		{89D404A3-0607-4F74-B5EE-EFFE8DE0C23D}.Release|Any CPU.ActiveCfg = Release|Any CPU
		{89D404A3-0607-4F74-B5EE-EFFE8DE0C23D}.Release|Any CPU.Build.0 = Release|Any CPU
	EndGlobalSection
EndGlobal
